
Microsoft Visual Studio Solution File, Format Version 12.00
# Visual Studio Version 17
VisualStudioVersion = 17.0.32126.317
MinimumVisualStudioVersion = 10.0.40219.1
Project("{FAE04EC0-301F-11D3-BF4B-00C04F79EFBC}") = "Virtual Pet", "Virtual Pet.csproj", "{EED20482-75AC-4A60-9747-EDF184302C66}"
EndProject
Global
	GlobalSection(SolutionConfigurationPlatforms) = preSolution
		Debug|Any CPU = Debug|Any CPU
		Release|Any CPU = Release|Any CPU
	EndGlobalSection
	GlobalSection(ProjectConfigurationPlatforms) = postSolution
		{EED20482-75AC-4A60-9747-EDF184302C66}.Debug|Any CPU.ActiveCfg = Debug|Any CPU
		{EED20482-75AC-4A60-9747-EDF184302C66}.Debug|Any CPU.Build.0 = Debug|Any CPU
		{EED20482-75AC-4A60-9747-EDF184302C66}.Release|Any CPU.ActiveCfg = Release|Any CPU
		{EED20482-75AC-4A60-9747-EDF184302C66}.Release|Any CPU.Build.0 = Release|Any CPU
	EndGlobalSection
	GlobalSection(SolutionProperties) = preSolution
		HideSolutionNode = FALSE
	EndGlobalSection
	GlobalSection(ExtensibilityGlobals) = postSolution
		SolutionGuid = {807DE02B-CA22-4970-8FA1-87853F98179E}
	EndGlobalSection
EndGlobal
