
Microsoft Visual Studio Solution File, Format Version 12.00
# Visual Studio Version 17
VisualStudioVersion = 17.2.32526.322
MinimumVisualStudioVersion = 10.0.40219.1
Project("{FAE04EC0-301F-11D3-BF4B-00C04F79EFBC}") = "Virtual Pet", "Virtual Pet.csproj", "{5621C88E-34CB-408E-9F2E-65DCF4DD89E7}"
EndProject
Global
	GlobalSection(SolutionConfigurationPlatforms) = preSolution
		Debug|Any CPU = Debug|Any CPU
		Release|Any CPU = Release|Any CPU
	EndGlobalSection
	GlobalSection(ProjectConfigurationPlatforms) = postSolution
		{5621C88E-34CB-408E-9F2E-65DCF4DD89E7}.Debug|Any CPU.ActiveCfg = Debug|Any CPU
		{5621C88E-34CB-408E-9F2E-65DCF4DD89E7}.Debug|Any CPU.Build.0 = Debug|Any CPU
		{5621C88E-34CB-408E-9F2E-65DCF4DD89E7}.Release|Any CPU.ActiveCfg = Release|Any CPU
		{5621C88E-34CB-408E-9F2E-65DCF4DD89E7}.Release|Any CPU.Build.0 = Release|Any CPU
	EndGlobalSection
	GlobalSection(SolutionProperties) = preSolution
		HideSolutionNode = FALSE
	EndGlobalSection
	GlobalSection(ExtensibilityGlobals) = postSolution
		SolutionGuid = {94DD4D28-B88E-4489-AF8F-82E31138CE2C}
	EndGlobalSection
EndGlobal
